// !$*UTF8*$!
{
	archiveVersion = 1;
	classes = {
	};
	objectVersion = 56;
	objects = {

/* Begin PBXBuildFile section */
		A77D1C5129DB032300D985CF /* AppDelegate.swift in Sources */ = {isa = PBXBuildFile; fileRef = A77D1C5029DB032300D985CF /* AppDelegate.swift */; };
		A77D1C5329DB032300D985CF /* SceneDelegate.swift in Sources */ = {isa = PBXBuildFile; fileRef = A77D1C5229DB032300D985CF /* SceneDelegate.swift */; };
		A77D1C5529DB032300D985CF /* OnboardingViewController.swift in Sources */ = {isa = PBXBuildFile; fileRef = A77D1C5429DB032300D985CF /* OnboardingViewController.swift */; };
		A77D1C5829DB032300D985CF /* Main.storyboard in Resources */ = {isa = PBXBuildFile; fileRef = A77D1C5629DB032300D985CF /* Main.storyboard */; };
		A77D1C5A29DB032300D985CF /* Assets.xcassets in Resources */ = {isa = PBXBuildFile; fileRef = A77D1C5929DB032300D985CF /* Assets.xcassets */; };
		A77D1C5D29DB032300D985CF /* LaunchScreen.storyboard in Resources */ = {isa = PBXBuildFile; fileRef = A77D1C5B29DB032300D985CF /* LaunchScreen.storyboard */; };
		A77D1C6629DE25B700D985CF /* OnboardingItem.swift in Sources */ = {isa = PBXBuildFile; fileRef = A77D1C6529DE25B700D985CF /* OnboardingItem.swift */; };
/* End PBXBuildFile section */

/* Begin PBXFileReference section */
		A77D1C4D29DB032300D985CF /* OnboardingTravel.app */ = {isa = PBXFileReference; explicitFileType = wrapper.application; includeInIndex = 0; path = OnboardingTravel.app; sourceTree = BUILT_PRODUCTS_DIR; };
		A77D1C5029DB032300D985CF /* AppDelegate.swift */ = {isa = PBXFileReference; lastKnownFileType = sourcecode.swift; path = AppDelegate.swift; sourceTree = "<group>"; };
		A77D1C5229DB032300D985CF /* SceneDelegate.swift */ = {isa = PBXFileReference; lastKnownFileType = sourcecode.swift; path = SceneDelegate.swift; sourceTree = "<group>"; };
		A77D1C5429DB032300D985CF /* OnboardingViewController.swift */ = {isa = PBXFileReference; lastKnownFileType = sourcecode.swift; path = OnboardingViewController.swift; sourceTree = "<group>"; };
		A77D1C5729DB032300D985CF /* Base */ = {isa = PBXFileReference; lastKnownFileType = file.storyboard; name = Base; path = Base.lproj/Main.storyboard; sourceTree = "<group>"; };
		A77D1C5929DB032300D985CF /* Assets.xcassets */ = {isa = PBXFileReference; lastKnownFileType = folder.assetcatalog; path = Assets.xcassets; sourceTree = "<group>"; };
		A77D1C5C29DB032300D985CF /* Base */ = {isa = PBXFileReference; lastKnownFileType = file.storyboard; name = Base; path = Base.lproj/LaunchScreen.storyboard; sourceTree = "<group>"; };
		A77D1C5E29DB032300D985CF /* Info.plist */ = {isa = PBXFileReference; lastKnownFileType = text.plist.xml; path = Info.plist; sourceTree = "<group>"; };
		A77D1C6529DE25B700D985CF /* OnboardingItem.swift */ = {isa = PBXFileReference; lastKnownFileType = sourcecode.swift; path = OnboardingItem.swift; sourceTree = "<group>"; };
/* End PBXFileReference section */

/* Begin PBXFrameworksBuildPhase section */
		A77D1C4A29DB032300D985CF /* Frameworks */ = {
			isa = PBXFrameworksBuildPhase;
			buildActionMask = 2147483647;
			files = (
			);
			runOnlyForDeploymentPostprocessing = 0;
		};
/* End PBXFrameworksBuildPhase section */

/* Begin PBXGroup section */
		A77D1C4429DB032200D985CF = {
			isa = PBXGroup;
			children = (
				A77D1C4F29DB032300D985CF /* OnboardingTravel */,
				A77D1C4E29DB032300D985CF /* Products */,
			);
			sourceTree = "<group>";
		};
		A77D1C4E29DB032300D985CF /* Products */ = {
			isa = PBXGroup;
			children = (
				A77D1C4D29DB032300D985CF /* OnboardingTravel.app */,
			);
			name = Products;
			sourceTree = "<group>";
		};
		A77D1C4F29DB032300D985CF /* OnboardingTravel */ = {
			isa = PBXGroup;
			children = (
				A77D1C6729DE268900D985CF /* controller */,
				A77D1C6429DE25AC00D985CF /* model */,
				A77D1C5029DB032300D985CF /* AppDelegate.swift */,
				A77D1C5229DB032300D985CF /* SceneDelegate.swift */,
				A77D1C5629DB032300D985CF /* Main.storyboard */,
				A77D1C5929DB032300D985CF /* Assets.xcassets */,
				A77D1C5B29DB032300D985CF /* LaunchScreen.storyboard */,
				A77D1C5E29DB032300D985CF /* Info.plist */,
			);
			path = OnboardingTravel;
			sourceTree = "<group>";
		};
		A77D1C6429DE25AC00D985CF /* model */ = {
			isa = PBXGroup;
			children = (
				A77D1C6529DE25B700D985CF /* OnboardingItem.swift */,
			);
			path = model;
			sourceTree = "<group>";
		};
		A77D1C6729DE268900D985CF /* controller */ = {
			isa = PBXGroup;
			children = (
				A77D1C5429DB032300D985CF /* OnboardingViewController.swift */,
			);
			path = controller;
			sourceTree = "<group>";
		};
/* End PBXGroup section */

/* Begin PBXNativeTarget section */
		A77D1C4C29DB032300D985CF /* OnboardingTravel */ = {
			isa = PBXNativeTarget;
			buildConfigurationList = A77D1C6129DB032300D985CF /* Build configuration list for PBXNativeTarget "OnboardingTravel" */;
			buildPhases = (
				A77D1C4929DB032300D985CF /* Sources */,
				A77D1C4A29DB032300D985CF /* Frameworks */,
				A77D1C4B29DB032300D985CF /* Resources */,
			);
			buildRules = (
			);
			dependencies = (
			);
			name = OnboardingTravel;
			productName = OnboardingTravel;
			productReference = A77D1C4D29DB032300D985CF /* OnboardingTravel.app */;
			productType = "com.apple.product-type.application";
		};
/* End PBXNativeTarget section */

/* Begin PBXProject section */
		A77D1C4529DB032200D985CF /* Project object */ = {
			isa = PBXProject;
			attributes = {
				BuildIndependentTargetsInParallel = 1;
				LastSwiftUpdateCheck = 1430;
				LastUpgradeCheck = 1430;
				TargetAttributes = {
					A77D1C4C29DB032300D985CF = {
						CreatedOnToolsVersion = 14.3;
					};
				};
			};
			buildConfigurationList = A77D1C4829DB032200D985CF /* Build configuration list for PBXProject "OnboardingTravel" */;
			compatibilityVersion = "Xcode 14.0";
			developmentRegion = en;
			hasScannedForEncodings = 0;
			knownRegions = (
				en,
				Base,
			);
			mainGroup = A77D1C4429DB032200D985CF;
			productRefGroup = A77D1C4E29DB032300D985CF /* Products */;
			projectDirPath = "";
			projectRoot = "";
			targets = (
				A77D1C4C29DB032300D985CF /* OnboardingTravel */,
			);
		};
/* End PBXProject section */

/* Begin PBXResourcesBuildPhase section */
		A77D1C4B29DB032300D985CF /* Resources */ = {
			isa = PBXResourcesBuildPhase;
			buildActionMask = 2147483647;
			files = (
				A77D1C5D29DB032300D985CF /* LaunchScreen.storyboard in Resources */,
				A77D1C5A29DB032300D985CF /* Assets.xcassets in Resources */,
				A77D1C5829DB032300D985CF /* Main.storyboard in Resources */,
			);
			runOnlyForDeploymentPostprocessing = 0;
		};
/* End PBXResourcesBuildPhase section */

/* Begin PBXSourcesBuildPhase section */
		A77D1C4929DB032300D985CF /* Sources */ = {
			isa = PBXSourcesBuildPhase;
			buildActionMask = 2147483647;
			files = (
				A77D1C5529DB032300D985CF /* OnboardingViewController.swift in Sources */,
				A77D1C6629DE25B700D985CF /* OnboardingItem.swift in Sources */,
				A77D1C5129DB032300D985CF /* AppDelegate.swift in Sources */,
				A77D1C5329DB032300D985CF /* SceneDelegate.swift in Sources */,
			);
			runOnlyForDeploymentPostprocessing = 0;
		};
/* End PBXSourcesBuildPhase section */

/* Begin PBXVariantGroup section */
		A77D1C5629DB032300D985CF /* Main.storyboard */ = {
			isa = PBXVariantGroup;
			children = (
				A77D1C5729DB032300D985CF /* Base */,
			);
			name = Main.storyboard;
			sourceTree = "<group>";
		};
		A77D1C5B29DB032300D985CF /* LaunchScreen.storyboard */ = {
			isa = PBXVariantGroup;
			children = (
				A77D1C5C29DB032300D985CF /* Base */,
			);
			name = LaunchScreen.storyboard;
			sourceTree = "<group>";
		};
/* End PBXVariantGroup section */

/* Begin XCBuildConfiguration section */
		A77D1C5F29DB032300D985CF /* Debug */ = {
			isa = XCBuildConfiguration;
			buildSettings = {
				ALWAYS_SEARCH_USER_PATHS = NO;
				CLANG_ANALYZER_NONNULL = YES;
				CLANG_ANALYZER_NUMBER_OBJECT_CONVERSION = YES_AGGRESSIVE;
				CLANG_CXX_LANGUAGE_STANDARD = "gnu++20";
				CLANG_ENABLE_MODULES = YES;
				CLANG_ENABLE_OBJC_ARC = YES;
				CLANG_ENABLE_OBJC_WEAK = YES;
				CLANG_WARN_BLOCK_CAPTURE_AUTORELEASING = YES;
				CLANG_WARN_BOOL_CONVERSION = YES;
				CLANG_WARN_COMMA = YES;
				CLANG_WARN_CONSTANT_CONVERSION = YES;
				CLANG_WARN_DEPRECATED_OBJC_IMPLEMENTATIONS = YES;
				CLANG_WARN_DIRECT_OBJC_ISA_USAGE = YES_ERROR;
				CLANG_WARN_DOCUMENTATION_COMMENTS = YES;
				CLANG_WARN_EMPTY_BODY = YES;
				CLANG_WARN_ENUM_CONVERSION = YES;
				CLANG_WARN_INFINITE_RECURSION = YES;
				CLANG_WARN_INT_CONVERSION = YES;
				CLANG_WARN_NON_LITERAL_NULL_CONVERSION = YES;
				CLANG_WARN_OBJC_IMPLICIT_RETAIN_SELF = YES;
				CLANG_WARN_OBJC_LITERAL_CONVERSION = YES;
				CLANG_WARN_OBJC_ROOT_CLASS = YES_ERROR;
				CLANG_WARN_QUOTED_INCLUDE_IN_FRAMEWORK_HEADER = YES;
				CLANG_WARN_RANGE_LOOP_ANALYSIS = YES;
				CLANG_WARN_STRICT_PROTOTYPES = YES;
				CLANG_WARN_SUSPICIOUS_MOVE = YES;
				CLANG_WARN_UNGUARDED_AVAILABILITY = YES_AGGRESSIVE;
				CLANG_WARN_UNREACHABLE_CODE = YES;
				CLANG_WARN__DUPLICATE_METHOD_MATCH = YES;
				COPY_PHASE_STRIP = NO;
				DEBUG_INFORMATION_FORMAT = dwarf;
				ENABLE_STRICT_OBJC_MSGSEND = YES;
				ENABLE_TESTABILITY = YES;
				GCC_C_LANGUAGE_STANDARD = gnu11;
				GCC_DYNAMIC_NO_PIC = NO;
				GCC_NO_COMMON_BLOCKS = YES;
				GCC_OPTIMIZATION_LEVEL = 0;
				GCC_PREPROCESSOR_DEFINITIONS = (
					"DEBUG=1",
					"$(inherited)",
				);
				GCC_WARN_64_TO_32_BIT_CONVERSION = YES;
				GCC_WARN_ABOUT_RETURN_TYPE = YES_ERROR;
				GCC_WARN_UNDECLARED_SELECTOR = YES;
				GCC_WARN_UNINITIALIZED_AUTOS = YES_AGGRESSIVE;
				GCC_WARN_UNUSED_FUNCTION = YES;
				GCC_WARN_UNUSED_VARIABLE = YES;
				IPHONEOS_DEPLOYMENT_TARGET = 16.4;
				MTL_ENABLE_DEBUG_INFO = INCLUDE_SOURCE;
				MTL_FAST_MATH = YES;
				ONLY_ACTIVE_ARCH = YES;
				SDKROOT = iphoneos;
				SWIFT_ACTIVE_COMPILATION_CONDITIONS = DEBUG;
				SWIFT_OPTIMIZATION_LEVEL = "-Onone";
			};
			name = Debug;
		};
		A77D1C6029DB032300D985CF /* Release */ = {
			isa = XCBuildConfiguration;
			buildSettings = {
				ALWAYS_SEARCH_USER_PATHS = NO;
				CLANG_ANALYZER_NONNULL = YES;
				CLANG_ANALYZER_NUMBER_OBJECT_CONVERSION = YES_AGGRESSIVE;
				CLANG_CXX_LANGUAGE_STANDARD = "gnu++20";
				CLANG_ENABLE_MODULES = YES;
				CLANG_ENABLE_OBJC_ARC = YES;
				CLANG_ENABLE_OBJC_WEAK = YES;
				CLANG_WARN_BLOCK_CAPTURE_AUTORELEASING = YES;
				CLANG_WARN_BOOL_CONVERSION = YES;
				CLANG_WARN_COMMA = YES;
				CLANG_WARN_CONSTANT_CONVERSION = YES;
				CLANG_WARN_DEPRECATED_OBJC_IMPLEMENTATIONS = YES;
				CLANG_WARN_DIRECT_OBJC_ISA_USAGE = YES_ERROR;
				CLANG_WARN_DOCUMENTATION_COMMENTS = YES;
				CLANG_WARN_EMPTY_BODY = YES;
				CLANG_WARN_ENUM_CONVERSION = YES;
				CLANG_WARN_INFINITE_RECURSION = YES;
				CLANG_WARN_INT_CONVERSION = YES;
				CLANG_WARN_NON_LITERAL_NULL_CONVERSION = YES;
				CLANG_WARN_OBJC_IMPLICIT_RETAIN_SELF = YES;
				CLANG_WARN_OBJC_LITERAL_CONVERSION = YES;
				CLANG_WARN_OBJC_ROOT_CLASS = YES_ERROR;
				CLANG_WARN_QUOTED_INCLUDE_IN_FRAMEWORK_HEADER = YES;
				CLANG_WARN_RANGE_LOOP_ANALYSIS = YES;
				CLANG_WARN_STRICT_PROTOTYPES = YES;
				CLANG_WARN_SUSPICIOUS_MOVE = YES;
				CLANG_WARN_UNGUARDED_AVAILABILITY = YES_AGGRESSIVE;
				CLANG_WARN_UNREACHABLE_CODE = YES;
				CLANG_WARN__DUPLICATE_METHOD_MATCH = YES;
				COPY_PHASE_STRIP = NO;
				DEBUG_INFORMATION_FORMAT = "dwarf-with-dsym";
				ENABLE_NS_ASSERTIONS = NO;
				ENABLE_STRICT_OBJC_MSGSEND = YES;
				GCC_C_LANGUAGE_STANDARD = gnu11;
				GCC_NO_COMMON_BLOCKS = YES;
				GCC_WARN_64_TO_32_BIT_CONVERSION = YES;
				GCC_WARN_ABOUT_RETURN_TYPE = YES_ERROR;
				GCC_WARN_UNDECLARED_SELECTOR = YES;
				GCC_WARN_UNINITIALIZED_AUTOS = YES_AGGRESSIVE;
				GCC_WARN_UNUSED_FUNCTION = YES;
				GCC_WARN_UNUSED_VARIABLE = YES;
				IPHONEOS_DEPLOYMENT_TARGET = 16.4;
				MTL_ENABLE_DEBUG_INFO = NO;
				MTL_FAST_MATH = YES;
				SDKROOT = iphoneos;
				SWIFT_COMPILATION_MODE = wholemodule;
				SWIFT_OPTIMIZATION_LEVEL = "-O";
				VALIDATE_PRODUCT = YES;
			};
			name = Release;
		};
		A77D1C6229DB032300D985CF /* Debug */ = {
			isa = XCBuildConfiguration;
			buildSettings = {
				ASSETCATALOG_COMPILER_APPICON_NAME = AppIcon;
				ASSETCATALOG_COMPILER_GLOBAL_ACCENT_COLOR_NAME = AccentColor;
				CODE_SIGN_STYLE = Automatic;
				CURRENT_PROJECT_VERSION = 1;
				DEVELOPMENT_TEAM = 797QNFM93J;
				GENERATE_INFOPLIST_FILE = YES;
				INFOPLIST_FILE = OnboardingTravel/Info.plist;
				INFOPLIST_KEY_UIApplicationSupportsIndirectInputEvents = YES;
				INFOPLIST_KEY_UILaunchStoryboardName = LaunchScreen;
				INFOPLIST_KEY_UIMainStoryboardFile = Main;
				INFOPLIST_KEY_UISupportedInterfaceOrientations_iPad = "UIInterfaceOrientationPortrait UIInterfaceOrientationPortraitUpsideDown UIInterfaceOrientationLandscapeLeft UIInterfaceOrientationLandscapeRight";
				INFOPLIST_KEY_UISupportedInterfaceOrientations_iPhone = "UIInterfaceOrientationPortrait UIInterfaceOrientationLandscapeLeft UIInterfaceOrientationLandscapeRight";
				LD_RUNPATH_SEARCH_PATHS = (
					"$(inherited)",
					"@executable_path/Frameworks",
				);
				MARKETING_VERSION = 1.0;
				PRODUCT_BUNDLE_IDENTIFIER = com.aslihangurkan.OnboardingTravel;
				PRODUCT_NAME = "$(TARGET_NAME)";
				SWIFT_EMIT_LOC_STRINGS = YES;
				SWIFT_VERSION = 5.0;
				TARGETED_DEVICE_FAMILY = "1,2";
			};
			name = Debug;
		};
		A77D1C6329DB032300D985CF /* Release */ = {
			isa = XCBuildConfiguration;
			buildSettings = {
				ASSETCATALOG_COMPILER_APPICON_NAME = AppIcon;
				ASSETCATALOG_COMPILER_GLOBAL_ACCENT_COLOR_NAME = AccentColor;
				CODE_SIGN_STYLE = Automatic;
				CURRENT_PROJECT_VERSION = 1;
				DEVELOPMENT_TEAM = 797QNFM93J;
				GENERATE_INFOPLIST_FILE = YES;
				INFOPLIST_FILE = OnboardingTravel/Info.plist;
				INFOPLIST_KEY_UIApplicationSupportsIndirectInputEvents = YES;
				INFOPLIST_KEY_UILaunchStoryboardName = LaunchScreen;
				INFOPLIST_KEY_UIMainStoryboardFile = Main;
				INFOPLIST_KEY_UISupportedInterfaceOrientations_iPad = "UIInterfaceOrientationPortrait UIInterfaceOrientationPortraitUpsideDown UIInterfaceOrientationLandscapeLeft UIInterfaceOrientationLandscapeRight";
				INFOPLIST_KEY_UISupportedInterfaceOrientations_iPhone = "UIInterfaceOrientationPortrait UIInterfaceOrientationLandscapeLeft UIInterfaceOrientationLandscapeRight";
				LD_RUNPATH_SEARCH_PATHS = (
					"$(inherited)",
					"@executable_path/Frameworks",
				);
				MARKETING_VERSION = 1.0;
				PRODUCT_BUNDLE_IDENTIFIER = com.aslihangurkan.OnboardingTravel;
				PRODUCT_NAME = "$(TARGET_NAME)";
				SWIFT_EMIT_LOC_STRINGS = YES;
				SWIFT_VERSION = 5.0;
				TARGETED_DEVICE_FAMILY = "1,2";
			};
			name = Release;
		};
/* End XCBuildConfiguration section */

/* Begin XCConfigurationList section */
		A77D1C4829DB032200D985CF /* Build configuration list for PBXProject "OnboardingTravel" */ = {
			isa = XCConfigurationList;
			buildConfigurations = (
				A77D1C5F29DB032300D985CF /* Debug */,
				A77D1C6029DB032300D985CF /* Release */,
			);
			defaultConfigurationIsVisible = 0;
			defaultConfigurationName = Release;
		};
		A77D1C6129DB032300D985CF /* Build configuration list for PBXNativeTarget "OnboardingTravel" */ = {
			isa = XCConfigurationList;
			buildConfigurations = (
				A77D1C6229DB032300D985CF /* Debug */,
				A77D1C6329DB032300D985CF /* Release */,
			);
			defaultConfigurationIsVisible = 0;
			defaultConfigurationName = Release;
		};
/* End XCConfigurationList section */
	};
	rootObject = A77D1C4529DB032200D985CF /* Project object */;
}
